{
  "name": "discord-hono",
  "version": "0.4.11",
  "lockfileVersion": 3,
  "requires": true,
  "packages": {
    "": {
      "name": "discord-hono",
      "version": "0.4.11",
      "license": "MIT",
      "devDependencies": {
        "discord-api-types": "^0.37.71",
        "prettier": "^3.2.5",
        "typescript": "^5.3.3"
      }
    },
    "node_modules/discord-api-types": {
      "version": "0.37.71",
      "resolved": "https://registry.npmjs.org/discord-api-types/-/discord-api-types-0.37.71.tgz",
      "integrity": "sha512-oYDVWoiQdblr9DpwOgpi5d78dVhPcoN9YZCCqYZf2T0v9+iICs7k2bYGumoHuYMtaIitpp5aQNs+2guVkgjbOA==",
      "dev": true
    },
    "node_modules/prettier": {
      "version": "3.2.5",
      "resolved": "https://registry.npmjs.org/prettier/-/prettier-3.2.5.tgz",
      "integrity": "sha512-3/GWa9aOC0YeD7LUfvOG2NiDyhOWRvt1k+rcKhOuYnMY24iiCphgneUfJDyFXd6rZCAnuLBv6UeAULtrhT/F4A==",
      "dev": true,
      "bin": {
        "prettier": "bin/prettier.cjs"
      },
      "engines": {
        "node": ">=14"
      },
      "funding": {
        "url": "https://github.com/prettier/prettier?sponsor=1"
      }
    },
    "node_modules/typescript": {
      "version": "5.3.3",
      "resolved": "https://registry.npmjs.org/typescript/-/typescript-5.3.3.tgz",
      "integrity": "sha512-pXWcraxM0uxAS+tN0AG/BF2TyqmHO014Z070UsJ+pFvYuRSq8KH8DmWpnbXe0pEPDHXZV3FcAbJkijJ5oNEnWw==",
      "dev": true,
      "bin": {
        "tsc": "bin/tsc",
        "tsserver": "bin/tsserver"
      },
      "engines": {
        "node": ">=14.17"
      }
    }
  }
}
